
Microsoft Visual Studio Solution File, Format Version 12.00
# Visual Studio Version 16
VisualStudioVersion = 16.0.33801.447
MinimumVisualStudioVersion = 10.0.40219.1
Project("{FAE04EC0-301F-11D3-BF4B-00C04F79EFBC}") = "Dominio", "Dominio\Dominio.csproj", "{F55D2398-5F1B-481F-A964-90950DEA8B14}"
EndProject
Project("{FAE04EC0-301F-11D3-BF4B-00C04F79EFBC}") = "GestorArticulos", "GestorArticulos\GestorArticulos.csproj", "{8646DA7F-82A0-4D54-A5AC-8D10EB0FBAFF}"
EndProject
Project("{FAE04EC0-301F-11D3-BF4B-00C04F79EFBC}") = "Negocio", "Negocio\Negocio.csproj", "{FC5B38DD-38DC-4432-B9F1-E0634AA9986B}"
EndProject
Global
	GlobalSection(SolutionConfigurationPlatforms) = preSolution
		Debug|Any CPU = Debug|Any CPU
		Release|Any CPU = Release|Any CPU
	EndGlobalSection
	GlobalSection(ProjectConfigurationPlatforms) = postSolution
		{F55D2398-5F1B-481F-A964-90950DEA8B14}.Debug|Any CPU.ActiveCfg = Debug|Any CPU
		{F55D2398-5F1B-481F-A964-90950DEA8B14}.Debug|Any CPU.Build.0 = Debug|Any CPU
		{F55D2398-5F1B-481F-A964-90950DEA8B14}.Release|Any CPU.ActiveCfg = Release|Any CPU
		{F55D2398-5F1B-481F-A964-90950DEA8B14}.Release|Any CPU.Build.0 = Release|Any CPU
		{8646DA7F-82A0-4D54-A5AC-8D10EB0FBAFF}.Debug|Any CPU.ActiveCfg = Debug|Any CPU
		{8646DA7F-82A0-4D54-A5AC-8D10EB0FBAFF}.Debug|Any CPU.Build.0 = Debug|Any CPU
		{8646DA7F-82A0-4D54-A5AC-8D10EB0FBAFF}.Release|Any CPU.ActiveCfg = Release|Any CPU
		{8646DA7F-82A0-4D54-A5AC-8D10EB0FBAFF}.Release|Any CPU.Build.0 = Release|Any CPU
		{FC5B38DD-38DC-4432-B9F1-E0634AA9986B}.Debug|Any CPU.ActiveCfg = Debug|Any CPU
		{FC5B38DD-38DC-4432-B9F1-E0634AA9986B}.Debug|Any CPU.Build.0 = Debug|Any CPU
		{FC5B38DD-38DC-4432-B9F1-E0634AA9986B}.Release|Any CPU.ActiveCfg = Release|Any CPU
		{FC5B38DD-38DC-4432-B9F1-E0634AA9986B}.Release|Any CPU.Build.0 = Release|Any CPU
	EndGlobalSection
	GlobalSection(SolutionProperties) = preSolution
		HideSolutionNode = FALSE
	EndGlobalSection
	GlobalSection(ExtensibilityGlobals) = postSolution
		SolutionGuid = {C358395F-9B5F-406C-831D-6C4A9426FF61}
	EndGlobalSection
EndGlobal
